// !$*UTF8*$!
{
	archiveVersion = 1;
	classes = {
	};
	objectVersion = 52;
	objects = {

/* Begin PBXBuildFile section */
		A430ECC325B2F27F00E0A145 /* UIScrollViewExtension.swift in Sources */ = {isa = PBXBuildFile; fileRef = A430ECC225B2F27F00E0A145 /* UIScrollViewExtension.swift */; };
		A430ED0C25B309C200E0A145 /* NumberFormatterExtension.swift in Sources */ = {isa = PBXBuildFile; fileRef = A430ED0B25B309C200E0A145 /* NumberFormatterExtension.swift */; };
		A430ED1025B30B3400E0A145 /* Style.swift in Sources */ = {isa = PBXBuildFile; fileRef = A430ED0F25B30B3400E0A145 /* Style.swift */; };
		A430ED1525B3314000E0A145 /* CryptocurrencyImage.swift in Sources */ = {isa = PBXBuildFile; fileRef = A430ED1425B3314000E0A145 /* CryptocurrencyImage.swift */; };
		A430ED3825B430A400E0A145 /* Swinject in Frameworks */ = {isa = PBXBuildFile; productRef = A430ED3725B430A400E0A145 /* Swinject */; };
		A430ED3B25B430DC00E0A145 /* AppDependency.swift in Sources */ = {isa = PBXBuildFile; fileRef = A430ED3A25B430DC00E0A145 /* AppDependency.swift */; };
		A430ED4425B441F000E0A145 /* SwinjectStoryboard in Frameworks */ = {isa = PBXBuildFile; productRef = A430ED4325B441F000E0A145 /* SwinjectStoryboard */; };
		A430ED4725B441FF00E0A145 /* ControllerDependency.swift in Sources */ = {isa = PBXBuildFile; fileRef = A430ED4625B441FF00E0A145 /* ControllerDependency.swift */; };
		A430ED4A25B4461B00E0A145 /* UIViewControllerExtension.swift in Sources */ = {isa = PBXBuildFile; fileRef = A430ED4925B4461B00E0A145 /* UIViewControllerExtension.swift */; };
		A468558725AF7BF30051C26B /* AppDelegate.swift in Sources */ = {isa = PBXBuildFile; fileRef = A468558625AF7BF30051C26B /* AppDelegate.swift */; };
		A468558925AF7BF30051C26B /* SceneDelegate.swift in Sources */ = {isa = PBXBuildFile; fileRef = A468558825AF7BF30051C26B /* SceneDelegate.swift */; };
		A468558E25AF7BF30051C26B /* Main.storyboard in Resources */ = {isa = PBXBuildFile; fileRef = A468558C25AF7BF30051C26B /* Main.storyboard */; };
		A468559025AF7BF50051C26B /* Assets.xcassets in Resources */ = {isa = PBXBuildFile; fileRef = A468558F25AF7BF50051C26B /* Assets.xcassets */; };
		A468559325AF7BF50051C26B /* LaunchScreen.storyboard in Resources */ = {isa = PBXBuildFile; fileRef = A468559125AF7BF50051C26B /* LaunchScreen.storyboard */; };
		A468559D25AF7D050051C26B /* Alamofire in Frameworks */ = {isa = PBXBuildFile; productRef = A468559C25AF7D050051C26B /* Alamofire */; };
		A46855A125AF7D370051C26B /* RxSwift in Frameworks */ = {isa = PBXBuildFile; productRef = A46855A025AF7D370051C26B /* RxSwift */; };
		A46855A325AF7D370051C26B /* RxCocoa in Frameworks */ = {isa = PBXBuildFile; productRef = A46855A225AF7D370051C26B /* RxCocoa */; };
		A46855A525AF7D370051C26B /* RxRelay in Frameworks */ = {isa = PBXBuildFile; productRef = A46855A425AF7D370051C26B /* RxRelay */; };
		A4AE16D725B17301004580FA /* Resource.swift in Sources */ = {isa = PBXBuildFile; fileRef = A4AE16D625B17301004580FA /* Resource.swift */; };
		A4AE16DA25B17339004580FA /* ObservableResponse.swift in Sources */ = {isa = PBXBuildFile; fileRef = A4AE16D925B17339004580FA /* ObservableResponse.swift */; };
		A4AE16DD25B176B8004580FA /* Endpoint.swift in Sources */ = {isa = PBXBuildFile; fileRef = A4AE16DC25B176B8004580FA /* Endpoint.swift */; };
		A4AE16E025B1770F004580FA /* Cryptocurrency.swift in Sources */ = {isa = PBXBuildFile; fileRef = A4AE16DF25B1770F004580FA /* Cryptocurrency.swift */; };
		A4AE16E325B1772F004580FA /* Platform.swift in Sources */ = {isa = PBXBuildFile; fileRef = A4AE16E225B1772F004580FA /* Platform.swift */; };
		A4AE16E625B17775004580FA /* EndpointImp.swift in Sources */ = {isa = PBXBuildFile; fileRef = A4AE16E525B17775004580FA /* EndpointImp.swift */; };
		A4AE16E925B1B10E004580FA /* EndpointProxy.swift in Sources */ = {isa = PBXBuildFile; fileRef = A4AE16E825B1B10E004580FA /* EndpointProxy.swift */; };
		A4AE16EC25B1B119004580FA /* EndpointProxyImp.swift in Sources */ = {isa = PBXBuildFile; fileRef = A4AE16EB25B1B119004580FA /* EndpointProxyImp.swift */; };
		A4AE16F625B1F370004580FA /* CryptocurrencyInfoRequest.swift in Sources */ = {isa = PBXBuildFile; fileRef = A4AE16F525B1F370004580FA /* CryptocurrencyInfoRequest.swift */; };
		A4AE16F925B1F416004580FA /* CryptocurrencyInfo.swift in Sources */ = {isa = PBXBuildFile; fileRef = A4AE16F825B1F416004580FA /* CryptocurrencyInfo.swift */; };
		A4AE16FC25B1F6CC004580FA /* Quote.swift in Sources */ = {isa = PBXBuildFile; fileRef = A4AE16FB25B1F6CC004580FA /* Quote.swift */; };
		A4AE170325B2113A004580FA /* ViewModelType.swift in Sources */ = {isa = PBXBuildFile; fileRef = A4AE170225B2113A004580FA /* ViewModelType.swift */; };
		A4AE170725B2115A004580FA /* Reusable.swift in Sources */ = {isa = PBXBuildFile; fileRef = A4AE170625B2115A004580FA /* Reusable.swift */; };
		A4AE170B25B211F4004580FA /* CryptocurrencyListViewController.swift in Sources */ = {isa = PBXBuildFile; fileRef = A4AE170A25B211F4004580FA /* CryptocurrencyListViewController.swift */; };
		A4AE170F25B21201004580FA /* CryptocurrencyListViewModel.swift in Sources */ = {isa = PBXBuildFile; fileRef = A4AE170E25B21201004580FA /* CryptocurrencyListViewModel.swift */; };
		A4AE171225B2121A004580FA /* CryptocurrencyListNavigator.swift in Sources */ = {isa = PBXBuildFile; fileRef = A4AE171125B2121A004580FA /* CryptocurrencyListNavigator.swift */; };
		A4AE171A25B21D6C004580FA /* Application.swift in Sources */ = {isa = PBXBuildFile; fileRef = A4AE171925B21D6C004580FA /* Application.swift */; };
		A4AE172025B21E7A004580FA /* CryptocurrencyTableViewCell.swift in Sources */ = {isa = PBXBuildFile; fileRef = A4AE171E25B21E7A004580FA /* CryptocurrencyTableViewCell.swift */; };
		A4AE172125B21E7A004580FA /* CryptocurrencyTableViewCell.xib in Resources */ = {isa = PBXBuildFile; fileRef = A4AE171F25B21E7A004580FA /* CryptocurrencyTableViewCell.xib */; };
		A4AE172625B21E92004580FA /* CryptocurrencyCellViewModel.swift in Sources */ = {isa = PBXBuildFile; fileRef = A4AE172525B21E92004580FA /* CryptocurrencyCellViewModel.swift */; };
		A4B6542B25AF80C9007DDBFD /* Kingfisher in Frameworks */ = {isa = PBXBuildFile; productRef = A4B6542A25AF80C9007DDBFD /* Kingfisher */; };
		A4B6542E25AF824E007DDBFD /* DataRequestExtension.swift in Sources */ = {isa = PBXBuildFile; fileRef = A4B6542D25AF824E007DDBFD /* DataRequestExtension.swift */; };
		A4B6543225AF8274007DDBFD /* URLRequestExtension.swift in Sources */ = {isa = PBXBuildFile; fileRef = A4B6543125AF8274007DDBFD /* URLRequestExtension.swift */; };
		A4B6543625AF828D007DDBFD /* StringExtension.swift in Sources */ = {isa = PBXBuildFile; fileRef = A4B6543525AF828D007DDBFD /* StringExtension.swift */; };
		A4B6543A25AF82C8007DDBFD /* Requestable.swift in Sources */ = {isa = PBXBuildFile; fileRef = A4B6543925AF82C8007DDBFD /* Requestable.swift */; };
		A4B6543E25AF83B2007DDBFD /* EndpointRequestable.swift in Sources */ = {isa = PBXBuildFile; fileRef = A4B6543D25AF83B2007DDBFD /* EndpointRequestable.swift */; };
		A4B6544125AF8459007DDBFD /* Constants.swift in Sources */ = {isa = PBXBuildFile; fileRef = A4B6544025AF8459007DDBFD /* Constants.swift */; };
		A4B6544725B0727A007DDBFD /* CryptocurrencyListRequest.swift in Sources */ = {isa = PBXBuildFile; fileRef = A4B6544625B0727A007DDBFD /* CryptocurrencyListRequest.swift */; };
		A4B6544B25B07400007DDBFD /* CryptocurrencyType.swift in Sources */ = {isa = PBXBuildFile; fileRef = A4B6544A25B07400007DDBFD /* CryptocurrencyType.swift */; };
		A4B6548325B0D590007DDBFD /* Response.swift in Sources */ = {isa = PBXBuildFile; fileRef = A4B6548225B0D590007DDBFD /* Response.swift */; };
/* End PBXBuildFile section */

/* Begin PBXFileReference section */
		A430ECC225B2F27F00E0A145 /* UIScrollViewExtension.swift */ = {isa = PBXFileReference; lastKnownFileType = sourcecode.swift; path = UIScrollViewExtension.swift; sourceTree = "<group>"; };
		A430ED0B25B309C200E0A145 /* NumberFormatterExtension.swift */ = {isa = PBXFileReference; lastKnownFileType = sourcecode.swift; path = NumberFormatterExtension.swift; sourceTree = "<group>"; };
		A430ED0F25B30B3400E0A145 /* Style.swift */ = {isa = PBXFileReference; lastKnownFileType = sourcecode.swift; path = Style.swift; sourceTree = "<group>"; };
		A430ED1425B3314000E0A145 /* CryptocurrencyImage.swift */ = {isa = PBXFileReference; lastKnownFileType = sourcecode.swift; path = CryptocurrencyImage.swift; sourceTree = "<group>"; };
		A430ED3A25B430DC00E0A145 /* AppDependency.swift */ = {isa = PBXFileReference; lastKnownFileType = sourcecode.swift; path = AppDependency.swift; sourceTree = "<group>"; };
		A430ED4625B441FF00E0A145 /* ControllerDependency.swift */ = {isa = PBXFileReference; lastKnownFileType = sourcecode.swift; path = ControllerDependency.swift; sourceTree = "<group>"; };
		A430ED4925B4461B00E0A145 /* UIViewControllerExtension.swift */ = {isa = PBXFileReference; lastKnownFileType = sourcecode.swift; path = UIViewControllerExtension.swift; sourceTree = "<group>"; };
		A468558325AF7BF30051C26B /* CoinMarket.app */ = {isa = PBXFileReference; explicitFileType = wrapper.application; includeInIndex = 0; path = CoinMarket.app; sourceTree = BUILT_PRODUCTS_DIR; };
		A468558625AF7BF30051C26B /* AppDelegate.swift */ = {isa = PBXFileReference; lastKnownFileType = sourcecode.swift; path = AppDelegate.swift; sourceTree = "<group>"; };
		A468558825AF7BF30051C26B /* SceneDelegate.swift */ = {isa = PBXFileReference; lastKnownFileType = sourcecode.swift; path = SceneDelegate.swift; sourceTree = "<group>"; };
		A468558D25AF7BF30051C26B /* Base */ = {isa = PBXFileReference; lastKnownFileType = file.storyboard; name = Base; path = Base.lproj/Main.storyboard; sourceTree = "<group>"; };
		A468558F25AF7BF50051C26B /* Assets.xcassets */ = {isa = PBXFileReference; lastKnownFileType = folder.assetcatalog; path = Assets.xcassets; sourceTree = "<group>"; };
		A468559225AF7BF50051C26B /* Base */ = {isa = PBXFileReference; lastKnownFileType = file.storyboard; name = Base; path = Base.lproj/LaunchScreen.storyboard; sourceTree = "<group>"; };
		A468559425AF7BF50051C26B /* Info.plist */ = {isa = PBXFileReference; lastKnownFileType = text.plist.xml; path = Info.plist; sourceTree = "<group>"; };
		A4AE16D625B17301004580FA /* Resource.swift */ = {isa = PBXFileReference; lastKnownFileType = sourcecode.swift; path = Resource.swift; sourceTree = "<group>"; };
		A4AE16D925B17339004580FA /* ObservableResponse.swift */ = {isa = PBXFileReference; lastKnownFileType = sourcecode.swift; path = ObservableResponse.swift; sourceTree = "<group>"; };
		A4AE16DC25B176B8004580FA /* Endpoint.swift */ = {isa = PBXFileReference; lastKnownFileType = sourcecode.swift; path = Endpoint.swift; sourceTree = "<group>"; };
		A4AE16DF25B1770F004580FA /* Cryptocurrency.swift */ = {isa = PBXFileReference; lastKnownFileType = sourcecode.swift; path = Cryptocurrency.swift; sourceTree = "<group>"; };
		A4AE16E225B1772F004580FA /* Platform.swift */ = {isa = PBXFileReference; lastKnownFileType = sourcecode.swift; path = Platform.swift; sourceTree = "<group>"; };
		A4AE16E525B17775004580FA /* EndpointImp.swift */ = {isa = PBXFileReference; lastKnownFileType = sourcecode.swift; path = EndpointImp.swift; sourceTree = "<group>"; };
		A4AE16E825B1B10E004580FA /* EndpointProxy.swift */ = {isa = PBXFileReference; lastKnownFileType = sourcecode.swift; path = EndpointProxy.swift; sourceTree = "<group>"; };
		A4AE16EB25B1B119004580FA /* EndpointProxyImp.swift */ = {isa = PBXFileReference; lastKnownFileType = sourcecode.swift; path = EndpointProxyImp.swift; sourceTree = "<group>"; };
		A4AE16F525B1F370004580FA /* CryptocurrencyInfoRequest.swift */ = {isa = PBXFileReference; lastKnownFileType = sourcecode.swift; path = CryptocurrencyInfoRequest.swift; sourceTree = "<group>"; };
		A4AE16F825B1F416004580FA /* CryptocurrencyInfo.swift */ = {isa = PBXFileReference; lastKnownFileType = sourcecode.swift; path = CryptocurrencyInfo.swift; sourceTree = "<group>"; };
		A4AE16FB25B1F6CC004580FA /* Quote.swift */ = {isa = PBXFileReference; lastKnownFileType = sourcecode.swift; path = Quote.swift; sourceTree = "<group>"; };
		A4AE170225B2113A004580FA /* ViewModelType.swift */ = {isa = PBXFileReference; lastKnownFileType = sourcecode.swift; path = ViewModelType.swift; sourceTree = "<group>"; };
		A4AE170625B2115A004580FA /* Reusable.swift */ = {isa = PBXFileReference; lastKnownFileType = sourcecode.swift; path = Reusable.swift; sourceTree = "<group>"; };
		A4AE170A25B211F4004580FA /* CryptocurrencyListViewController.swift */ = {isa = PBXFileReference; lastKnownFileType = sourcecode.swift; path = CryptocurrencyListViewController.swift; sourceTree = "<group>"; };
		A4AE170E25B21201004580FA /* CryptocurrencyListViewModel.swift */ = {isa = PBXFileReference; lastKnownFileType = sourcecode.swift; path = CryptocurrencyListViewModel.swift; sourceTree = "<group>"; };
		A4AE171125B2121A004580FA /* CryptocurrencyListNavigator.swift */ = {isa = PBXFileReference; lastKnownFileType = sourcecode.swift; path = CryptocurrencyListNavigator.swift; sourceTree = "<group>"; };
		A4AE171925B21D6C004580FA /* Application.swift */ = {isa = PBXFileReference; lastKnownFileType = sourcecode.swift; path = Application.swift; sourceTree = "<group>"; };
		A4AE171E25B21E7A004580FA /* CryptocurrencyTableViewCell.swift */ = {isa = PBXFileReference; lastKnownFileType = sourcecode.swift; path = CryptocurrencyTableViewCell.swift; sourceTree = "<group>"; };
		A4AE171F25B21E7A004580FA /* CryptocurrencyTableViewCell.xib */ = {isa = PBXFileReference; lastKnownFileType = file.xib; path = CryptocurrencyTableViewCell.xib; sourceTree = "<group>"; };
		A4AE172525B21E92004580FA /* CryptocurrencyCellViewModel.swift */ = {isa = PBXFileReference; lastKnownFileType = sourcecode.swift; path = CryptocurrencyCellViewModel.swift; sourceTree = "<group>"; };
		A4B6542D25AF824E007DDBFD /* DataRequestExtension.swift */ = {isa = PBXFileReference; lastKnownFileType = sourcecode.swift; path = DataRequestExtension.swift; sourceTree = "<group>"; };
		A4B6543125AF8274007DDBFD /* URLRequestExtension.swift */ = {isa = PBXFileReference; lastKnownFileType = sourcecode.swift; path = URLRequestExtension.swift; sourceTree = "<group>"; };
		A4B6543525AF828D007DDBFD /* StringExtension.swift */ = {isa = PBXFileReference; lastKnownFileType = sourcecode.swift; path = StringExtension.swift; sourceTree = "<group>"; };
		A4B6543925AF82C8007DDBFD /* Requestable.swift */ = {isa = PBXFileReference; lastKnownFileType = sourcecode.swift; path = Requestable.swift; sourceTree = "<group>"; };
		A4B6543D25AF83B2007DDBFD /* EndpointRequestable.swift */ = {isa = PBXFileReference; lastKnownFileType = sourcecode.swift; path = EndpointRequestable.swift; sourceTree = "<group>"; };
		A4B6544025AF8459007DDBFD /* Constants.swift */ = {isa = PBXFileReference; lastKnownFileType = sourcecode.swift; path = Constants.swift; sourceTree = "<group>"; };
		A4B6544625B0727A007DDBFD /* CryptocurrencyListRequest.swift */ = {isa = PBXFileReference; lastKnownFileType = sourcecode.swift; path = CryptocurrencyListRequest.swift; sourceTree = "<group>"; };
		A4B6544A25B07400007DDBFD /* CryptocurrencyType.swift */ = {isa = PBXFileReference; lastKnownFileType = sourcecode.swift; path = CryptocurrencyType.swift; sourceTree = "<group>"; };
		A4B6548225B0D590007DDBFD /* Response.swift */ = {isa = PBXFileReference; lastKnownFileType = sourcecode.swift; path = Response.swift; sourceTree = "<group>"; };
/* End PBXFileReference section */

/* Begin PBXFrameworksBuildPhase section */
		A468558025AF7BF30051C26B /* Frameworks */ = {
			isa = PBXFrameworksBuildPhase;
			buildActionMask = 2147483647;
			files = (
				A46855A325AF7D370051C26B /* RxCocoa in Frameworks */,
				A46855A125AF7D370051C26B /* RxSwift in Frameworks */,
				A46855A525AF7D370051C26B /* RxRelay in Frameworks */,
				A468559D25AF7D050051C26B /* Alamofire in Frameworks */,
				A4B6542B25AF80C9007DDBFD /* Kingfisher in Frameworks */,
				A430ED4425B441F000E0A145 /* SwinjectStoryboard in Frameworks */,
				A430ED3825B430A400E0A145 /* Swinject in Frameworks */,
			);
			runOnlyForDeploymentPostprocessing = 0;
		};
/* End PBXFrameworksBuildPhase section */

/* Begin PBXGroup section */
		A430ED1825B33E0200E0A145 /* Model */ = {
			isa = PBXGroup;
			children = (
				A430ED1425B3314000E0A145 /* CryptocurrencyImage.swift */,
			);
			path = Model;
			sourceTree = "<group>";
		};
		A430ED1A25B33E2500E0A145 /* Style */ = {
			isa = PBXGroup;
			children = (
				A430ED0F25B30B3400E0A145 /* Style.swift */,
			);
			path = Style;
			sourceTree = "<group>";
		};
		A430ED1C25B33E3700E0A145 /* Constants */ = {
			isa = PBXGroup;
			children = (
				A4B6544025AF8459007DDBFD /* Constants.swift */,
			);
			path = Constants;
			sourceTree = "<group>";
		};
		A430ED1D25B33E4900E0A145 /* Resource */ = {
			isa = PBXGroup;
			children = (
				A468558C25AF7BF30051C26B /* Main.storyboard */,
				A468558F25AF7BF50051C26B /* Assets.xcassets */,
				A468559125AF7BF50051C26B /* LaunchScreen.storyboard */,
			);
			path = Resource;
			sourceTree = "<group>";
		};
		A430ED1F25B33E8400E0A145 /* CrptocurrencyList */ = {
			isa = PBXGroup;
			children = (
				A4AE170A25B211F4004580FA /* CryptocurrencyListViewController.swift */,
				A4AE170E25B21201004580FA /* CryptocurrencyListViewModel.swift */,
				A4AE171125B2121A004580FA /* CryptocurrencyListNavigator.swift */,
				A4AE172325B21E7E004580FA /* Cell */,
			);
			path = CrptocurrencyList;
			sourceTree = "<group>";
		};
		A430ED3D25B430E600E0A145 /* DI */ = {
			isa = PBXGroup;
			children = (
				A430ED3A25B430DC00E0A145 /* AppDependency.swift */,
				A430ED4625B441FF00E0A145 /* ControllerDependency.swift */,
			);
			path = DI;
			sourceTree = "<group>";
		};
		A468557A25AF7BF30051C26B = {
			isa = PBXGroup;
			children = (
				A468558525AF7BF30051C26B /* CoinMarket */,
				A468558425AF7BF30051C26B /* Products */,
			);
			sourceTree = "<group>";
		};
		A468558425AF7BF30051C26B /* Products */ = {
			isa = PBXGroup;
			children = (
				A468558325AF7BF30051C26B /* CoinMarket.app */,
			);
			name = Products;
			sourceTree = "<group>";
		};
		A468558525AF7BF30051C26B /* CoinMarket */ = {
			isa = PBXGroup;
			children = (
				A4B6543025AF8257007DDBFD /* Extension */,
				A4B6543825AF82A5007DDBFD /* Network */,
				A4AE16FE25B1F6D7004580FA /* Entity */,
				A4AE170125B2112D004580FA /* Common */,
				A430ED3D25B430E600E0A145 /* DI */,
				A430ED1825B33E0200E0A145 /* Model */,
				A4AE170925B211C9004580FA /* Scene */,
				A4AE171C25B21D74004580FA /* Application */,
				A430ED1D25B33E4900E0A145 /* Resource */,
				A468559425AF7BF50051C26B /* Info.plist */,
			);
			path = CoinMarket;
			sourceTree = "<group>";
		};
		A4AE16EE25B1B7A8004580FA /* Entity */ = {
			isa = PBXGroup;
			children = (
				A4B6548225B0D590007DDBFD /* Response.swift */,
				A4AE16D625B17301004580FA /* Resource.swift */,
			);
			path = Entity;
			sourceTree = "<group>";
		};
		A4AE16EF25B1B7C2004580FA /* Requestable */ = {
			isa = PBXGroup;
			children = (
				A4B6543925AF82C8007DDBFD /* Requestable.swift */,
				A4B6543D25AF83B2007DDBFD /* EndpointRequestable.swift */,
			);
			path = Requestable;
			sourceTree = "<group>";
		};
		A4AE16F125B1B7CE004580FA /* Endpoint */ = {
			isa = PBXGroup;
			children = (
				A4AE16DC25B176B8004580FA /* Endpoint.swift */,
				A4AE16E525B17775004580FA /* EndpointImp.swift */,
			);
			path = Endpoint;
			sourceTree = "<group>";
		};
		A4AE16F325B1B7DA004580FA /* EndpointProxy */ = {
			isa = PBXGroup;
			children = (
				A4AE16E825B1B10E004580FA /* EndpointProxy.swift */,
				A4AE16EB25B1B119004580FA /* EndpointProxyImp.swift */,
			);
			path = EndpointProxy;
			sourceTree = "<group>";
		};
		A4AE16FE25B1F6D7004580FA /* Entity */ = {
			isa = PBXGroup;
			children = (
				A4AE16DF25B1770F004580FA /* Cryptocurrency.swift */,
				A4AE16FB25B1F6CC004580FA /* Quote.swift */,
				A4AE16F825B1F416004580FA /* CryptocurrencyInfo.swift */,
				A4AE16E225B1772F004580FA /* Platform.swift */,
			);
			path = Entity;
			sourceTree = "<group>";
		};
		A4AE170125B2112D004580FA /* Common */ = {
			isa = PBXGroup;
			children = (
				A4AE170225B2113A004580FA /* ViewModelType.swift */,
				A4AE170625B2115A004580FA /* Reusable.swift */,
			);
			path = Common;
			sourceTree = "<group>";
		};
		A4AE170925B211C9004580FA /* Scene */ = {
			isa = PBXGroup;
			children = (
				A430ED1F25B33E8400E0A145 /* CrptocurrencyList */,
			);
			path = Scene;
			sourceTree = "<group>";
		};
		A4AE171C25B21D74004580FA /* Application */ = {
			isa = PBXGroup;
			children = (
				A430ED1C25B33E3700E0A145 /* Constants */,
				A430ED1A25B33E2500E0A145 /* Style */,
				A468558625AF7BF30051C26B /* AppDelegate.swift */,
				A4AE171925B21D6C004580FA /* Application.swift */,
				A468558825AF7BF30051C26B /* SceneDelegate.swift */,
			);
			path = Application;
			sourceTree = "<group>";
		};
		A4AE172325B21E7E004580FA /* Cell */ = {
			isa = PBXGroup;
			children = (
				A4AE171E25B21E7A004580FA /* CryptocurrencyTableViewCell.swift */,
				A4AE171F25B21E7A004580FA /* CryptocurrencyTableViewCell.xib */,
				A4AE172525B21E92004580FA /* CryptocurrencyCellViewModel.swift */,
			);
			path = Cell;
			sourceTree = "<group>";
		};
		A4B6543025AF8257007DDBFD /* Extension */ = {
			isa = PBXGroup;
			children = (
				A4B6542D25AF824E007DDBFD /* DataRequestExtension.swift */,
				A4B6543125AF8274007DDBFD /* URLRequestExtension.swift */,
				A4B6543525AF828D007DDBFD /* StringExtension.swift */,
				A4AE16D925B17339004580FA /* ObservableResponse.swift */,
				A430ECC225B2F27F00E0A145 /* UIScrollViewExtension.swift */,
				A430ED0B25B309C200E0A145 /* NumberFormatterExtension.swift */,
				A430ED4925B4461B00E0A145 /* UIViewControllerExtension.swift */,
			);
			path = Extension;
			sourceTree = "<group>";
		};
		A4B6543825AF82A5007DDBFD /* Network */ = {
			isa = PBXGroup;
			children = (
				A4B6544525B07258007DDBFD /* Requests */,
				A4AE16EE25B1B7A8004580FA /* Entity */,
				A4AE16EF25B1B7C2004580FA /* Requestable */,
				A4AE16F125B1B7CE004580FA /* Endpoint */,
				A4AE16F325B1B7DA004580FA /* EndpointProxy */,
			);
			path = Network;
			sourceTree = "<group>";
		};
		A4B6544425B07252007DDBFD /* Entity */ = {
			isa = PBXGroup;
			children = (
				A4B6544625B0727A007DDBFD /* CryptocurrencyListRequest.swift */,
				A4B6544A25B07400007DDBFD /* CryptocurrencyType.swift */,
				A4AE16F525B1F370004580FA /* CryptocurrencyInfoRequest.swift */,
			);
			path = Entity;
			sourceTree = "<group>";
		};
		A4B6544525B07258007DDBFD /* Requests */ = {
			isa = PBXGroup;
			children = (
				A4B6544425B07252007DDBFD /* Entity */,
			);
			path = Requests;
			sourceTree = "<group>";
		};
/* End PBXGroup section */

/* Begin PBXNativeTarget section */
		A468558225AF7BF30051C26B /* CoinMarket */ = {
			isa = PBXNativeTarget;
			buildConfigurationList = A468559725AF7BF50051C26B /* Build configuration list for PBXNativeTarget "CoinMarket" */;
			buildPhases = (
				A468557F25AF7BF30051C26B /* Sources */,
				A468558025AF7BF30051C26B /* Frameworks */,
				A468558125AF7BF30051C26B /* Resources */,
			);
			buildRules = (
			);
			dependencies = (
			);
			name = CoinMarket;
			packageProductDependencies = (
				A468559C25AF7D050051C26B /* Alamofire */,
				A46855A025AF7D370051C26B /* RxSwift */,
				A46855A225AF7D370051C26B /* RxCocoa */,
				A46855A425AF7D370051C26B /* RxRelay */,
				A4B6542A25AF80C9007DDBFD /* Kingfisher */,
				A430ED3725B430A400E0A145 /* Swinject */,
				A430ED4325B441F000E0A145 /* SwinjectStoryboard */,
			);
			productName = CoinMarket;
			productReference = A468558325AF7BF30051C26B /* CoinMarket.app */;
			productType = "com.apple.product-type.application";
		};
/* End PBXNativeTarget section */

/* Begin PBXProject section */
		A468557B25AF7BF30051C26B /* Project object */ = {
			isa = PBXProject;
			attributes = {
				LastSwiftUpdateCheck = 1230;
				LastUpgradeCheck = 1230;
				TargetAttributes = {
					A468558225AF7BF30051C26B = {
						CreatedOnToolsVersion = 12.3;
					};
				};
			};
			buildConfigurationList = A468557E25AF7BF30051C26B /* Build configuration list for PBXProject "CoinMarket" */;
			compatibilityVersion = "Xcode 9.3";
			developmentRegion = en;
			hasScannedForEncodings = 0;
			knownRegions = (
				en,
				Base,
			);
			mainGroup = A468557A25AF7BF30051C26B;
			packageReferences = (
				A468559B25AF7D050051C26B /* XCRemoteSwiftPackageReference "Alamofire" */,
				A468559F25AF7D370051C26B /* XCRemoteSwiftPackageReference "RxSwift" */,
				A4B6542925AF80C9007DDBFD /* XCRemoteSwiftPackageReference "Kingfisher" */,
				A430ED3625B430A400E0A145 /* XCRemoteSwiftPackageReference "Swinject" */,
				A430ED4225B441F000E0A145 /* XCRemoteSwiftPackageReference "SwinjectStoryboard" */,
			);
			productRefGroup = A468558425AF7BF30051C26B /* Products */;
			projectDirPath = "";
			projectRoot = "";
			targets = (
				A468558225AF7BF30051C26B /* CoinMarket */,
			);
		};
/* End PBXProject section */

/* Begin PBXResourcesBuildPhase section */
		A468558125AF7BF30051C26B /* Resources */ = {
			isa = PBXResourcesBuildPhase;
			buildActionMask = 2147483647;
			files = (
				A468559325AF7BF50051C26B /* LaunchScreen.storyboard in Resources */,
				A468559025AF7BF50051C26B /* Assets.xcassets in Resources */,
				A468558E25AF7BF30051C26B /* Main.storyboard in Resources */,
				A4AE172125B21E7A004580FA /* CryptocurrencyTableViewCell.xib in Resources */,
			);
			runOnlyForDeploymentPostprocessing = 0;
		};
/* End PBXResourcesBuildPhase section */

/* Begin PBXSourcesBuildPhase section */
		A468557F25AF7BF30051C26B /* Sources */ = {
			isa = PBXSourcesBuildPhase;
			buildActionMask = 2147483647;
			files = (
				A4AE171A25B21D6C004580FA /* Application.swift in Sources */,
				A4AE172625B21E92004580FA /* CryptocurrencyCellViewModel.swift in Sources */,
				A4AE16D725B17301004580FA /* Resource.swift in Sources */,
				A4AE16F625B1F370004580FA /* CryptocurrencyInfoRequest.swift in Sources */,
				A4B6543A25AF82C8007DDBFD /* Requestable.swift in Sources */,
				A4AE170B25B211F4004580FA /* CryptocurrencyListViewController.swift in Sources */,
				A430ED3B25B430DC00E0A145 /* AppDependency.swift in Sources */,
				A4AE170725B2115A004580FA /* Reusable.swift in Sources */,
				A4AE16E325B1772F004580FA /* Platform.swift in Sources */,
				A4B6543E25AF83B2007DDBFD /* EndpointRequestable.swift in Sources */,
				A4AE16FC25B1F6CC004580FA /* Quote.swift in Sources */,
				A4AE16E925B1B10E004580FA /* EndpointProxy.swift in Sources */,
				A4AE16EC25B1B119004580FA /* EndpointProxyImp.swift in Sources */,
				A4AE16DD25B176B8004580FA /* Endpoint.swift in Sources */,
				A4B6543225AF8274007DDBFD /* URLRequestExtension.swift in Sources */,
				A4B6548325B0D590007DDBFD /* Response.swift in Sources */,
				A4B6543625AF828D007DDBFD /* StringExtension.swift in Sources */,
				A4AE16E625B17775004580FA /* EndpointImp.swift in Sources */,
				A4AE16DA25B17339004580FA /* ObservableResponse.swift in Sources */,
				A430ED1525B3314000E0A145 /* CryptocurrencyImage.swift in Sources */,
				A430ED1025B30B3400E0A145 /* Style.swift in Sources */,
				A4B6542E25AF824E007DDBFD /* DataRequestExtension.swift in Sources */,
				A468558725AF7BF30051C26B /* AppDelegate.swift in Sources */,
				A430ED0C25B309C200E0A145 /* NumberFormatterExtension.swift in Sources */,
				A430ED4A25B4461B00E0A145 /* UIViewControllerExtension.swift in Sources */,
				A430ED4725B441FF00E0A145 /* ControllerDependency.swift in Sources */,
				A4AE16E025B1770F004580FA /* Cryptocurrency.swift in Sources */,
				A4B6544B25B07400007DDBFD /* CryptocurrencyType.swift in Sources */,
				A4B6544725B0727A007DDBFD /* CryptocurrencyListRequest.swift in Sources */,
				A4AE172025B21E7A004580FA /* CryptocurrencyTableViewCell.swift in Sources */,
				A430ECC325B2F27F00E0A145 /* UIScrollViewExtension.swift in Sources */,
				A4AE170325B2113A004580FA /* ViewModelType.swift in Sources */,
				A4AE171225B2121A004580FA /* CryptocurrencyListNavigator.swift in Sources */,
				A4AE16F925B1F416004580FA /* CryptocurrencyInfo.swift in Sources */,
				A468558925AF7BF30051C26B /* SceneDelegate.swift in Sources */,
				A4B6544125AF8459007DDBFD /* Constants.swift in Sources */,
				A4AE170F25B21201004580FA /* CryptocurrencyListViewModel.swift in Sources */,
			);
			runOnlyForDeploymentPostprocessing = 0;
		};
/* End PBXSourcesBuildPhase section */

/* Begin PBXVariantGroup section */
		A468558C25AF7BF30051C26B /* Main.storyboard */ = {
			isa = PBXVariantGroup;
			children = (
				A468558D25AF7BF30051C26B /* Base */,
			);
			name = Main.storyboard;
			sourceTree = "<group>";
		};
		A468559125AF7BF50051C26B /* LaunchScreen.storyboard */ = {
			isa = PBXVariantGroup;
			children = (
				A468559225AF7BF50051C26B /* Base */,
			);
			name = LaunchScreen.storyboard;
			sourceTree = "<group>";
		};
/* End PBXVariantGroup section */

/* Begin XCBuildConfiguration section */
		A468559525AF7BF50051C26B /* Debug */ = {
			isa = XCBuildConfiguration;
			buildSettings = {
				ALWAYS_SEARCH_USER_PATHS = NO;
				CLANG_ANALYZER_NONNULL = YES;
				CLANG_ANALYZER_NUMBER_OBJECT_CONVERSION = YES_AGGRESSIVE;
				CLANG_CXX_LANGUAGE_STANDARD = "gnu++14";
				CLANG_CXX_LIBRARY = "libc++";
				CLANG_ENABLE_MODULES = YES;
				CLANG_ENABLE_OBJC_ARC = YES;
				CLANG_ENABLE_OBJC_WEAK = YES;
				CLANG_WARN_BLOCK_CAPTURE_AUTORELEASING = YES;
				CLANG_WARN_BOOL_CONVERSION = YES;
				CLANG_WARN_COMMA = YES;
				CLANG_WARN_CONSTANT_CONVERSION = YES;
				CLANG_WARN_DEPRECATED_OBJC_IMPLEMENTATIONS = YES;
				CLANG_WARN_DIRECT_OBJC_ISA_USAGE = YES_ERROR;
				CLANG_WARN_DOCUMENTATION_COMMENTS = YES;
				CLANG_WARN_EMPTY_BODY = YES;
				CLANG_WARN_ENUM_CONVERSION = YES;
				CLANG_WARN_INFINITE_RECURSION = YES;
				CLANG_WARN_INT_CONVERSION = YES;
				CLANG_WARN_NON_LITERAL_NULL_CONVERSION = YES;
				CLANG_WARN_OBJC_IMPLICIT_RETAIN_SELF = YES;
				CLANG_WARN_OBJC_LITERAL_CONVERSION = YES;
				CLANG_WARN_OBJC_ROOT_CLASS = YES_ERROR;
				CLANG_WARN_QUOTED_INCLUDE_IN_FRAMEWORK_HEADER = YES;
				CLANG_WARN_RANGE_LOOP_ANALYSIS = YES;
				CLANG_WARN_STRICT_PROTOTYPES = YES;
				CLANG_WARN_SUSPICIOUS_MOVE = YES;
				CLANG_WARN_UNGUARDED_AVAILABILITY = YES_AGGRESSIVE;
				CLANG_WARN_UNREACHABLE_CODE = YES;
				CLANG_WARN__DUPLICATE_METHOD_MATCH = YES;
				COPY_PHASE_STRIP = NO;
				DEBUG_INFORMATION_FORMAT = dwarf;
				ENABLE_STRICT_OBJC_MSGSEND = YES;
				ENABLE_TESTABILITY = YES;
				GCC_C_LANGUAGE_STANDARD = gnu11;
				GCC_DYNAMIC_NO_PIC = NO;
				GCC_NO_COMMON_BLOCKS = YES;
				GCC_OPTIMIZATION_LEVEL = 0;
				GCC_PREPROCESSOR_DEFINITIONS = (
					"DEBUG=1",
					"$(inherited)",
				);
				GCC_WARN_64_TO_32_BIT_CONVERSION = YES;
				GCC_WARN_ABOUT_RETURN_TYPE = YES_ERROR;
				GCC_WARN_UNDECLARED_SELECTOR = YES;
				GCC_WARN_UNINITIALIZED_AUTOS = YES_AGGRESSIVE;
				GCC_WARN_UNUSED_FUNCTION = YES;
				GCC_WARN_UNUSED_VARIABLE = YES;
				IPHONEOS_DEPLOYMENT_TARGET = 14.3;
				MTL_ENABLE_DEBUG_INFO = INCLUDE_SOURCE;
				MTL_FAST_MATH = YES;
				ONLY_ACTIVE_ARCH = YES;
				SDKROOT = iphoneos;
				SWIFT_ACTIVE_COMPILATION_CONDITIONS = DEBUG;
				SWIFT_OPTIMIZATION_LEVEL = "-Onone";
			};
			name = Debug;
		};
		A468559625AF7BF50051C26B /* Release */ = {
			isa = XCBuildConfiguration;
			buildSettings = {
				ALWAYS_SEARCH_USER_PATHS = NO;
				CLANG_ANALYZER_NONNULL = YES;
				CLANG_ANALYZER_NUMBER_OBJECT_CONVERSION = YES_AGGRESSIVE;
				CLANG_CXX_LANGUAGE_STANDARD = "gnu++14";
				CLANG_CXX_LIBRARY = "libc++";
				CLANG_ENABLE_MODULES = YES;
				CLANG_ENABLE_OBJC_ARC = YES;
				CLANG_ENABLE_OBJC_WEAK = YES;
				CLANG_WARN_BLOCK_CAPTURE_AUTORELEASING = YES;
				CLANG_WARN_BOOL_CONVERSION = YES;
				CLANG_WARN_COMMA = YES;
				CLANG_WARN_CONSTANT_CONVERSION = YES;
				CLANG_WARN_DEPRECATED_OBJC_IMPLEMENTATIONS = YES;
				CLANG_WARN_DIRECT_OBJC_ISA_USAGE = YES_ERROR;
				CLANG_WARN_DOCUMENTATION_COMMENTS = YES;
				CLANG_WARN_EMPTY_BODY = YES;
				CLANG_WARN_ENUM_CONVERSION = YES;
				CLANG_WARN_INFINITE_RECURSION = YES;
				CLANG_WARN_INT_CONVERSION = YES;
				CLANG_WARN_NON_LITERAL_NULL_CONVERSION = YES;
				CLANG_WARN_OBJC_IMPLICIT_RETAIN_SELF = YES;
				CLANG_WARN_OBJC_LITERAL_CONVERSION = YES;
				CLANG_WARN_OBJC_ROOT_CLASS = YES_ERROR;
				CLANG_WARN_QUOTED_INCLUDE_IN_FRAMEWORK_HEADER = YES;
				CLANG_WARN_RANGE_LOOP_ANALYSIS = YES;
				CLANG_WARN_STRICT_PROTOTYPES = YES;
				CLANG_WARN_SUSPICIOUS_MOVE = YES;
				CLANG_WARN_UNGUARDED_AVAILABILITY = YES_AGGRESSIVE;
				CLANG_WARN_UNREACHABLE_CODE = YES;
				CLANG_WARN__DUPLICATE_METHOD_MATCH = YES;
				COPY_PHASE_STRIP = NO;
				DEBUG_INFORMATION_FORMAT = "dwarf-with-dsym";
				ENABLE_NS_ASSERTIONS = NO;
				ENABLE_STRICT_OBJC_MSGSEND = YES;
				GCC_C_LANGUAGE_STANDARD = gnu11;
				GCC_NO_COMMON_BLOCKS = YES;
				GCC_WARN_64_TO_32_BIT_CONVERSION = YES;
				GCC_WARN_ABOUT_RETURN_TYPE = YES_ERROR;
				GCC_WARN_UNDECLARED_SELECTOR = YES;
				GCC_WARN_UNINITIALIZED_AUTOS = YES_AGGRESSIVE;
				GCC_WARN_UNUSED_FUNCTION = YES;
				GCC_WARN_UNUSED_VARIABLE = YES;
				IPHONEOS_DEPLOYMENT_TARGET = 14.3;
				MTL_ENABLE_DEBUG_INFO = NO;
				MTL_FAST_MATH = YES;
				SDKROOT = iphoneos;
				SWIFT_COMPILATION_MODE = wholemodule;
				SWIFT_OPTIMIZATION_LEVEL = "-O";
				VALIDATE_PRODUCT = YES;
			};
			name = Release;
		};
		A468559825AF7BF50051C26B /* Debug */ = {
			isa = XCBuildConfiguration;
			buildSettings = {
				ASSETCATALOG_COMPILER_APPICON_NAME = AppIcon;
				ASSETCATALOG_COMPILER_GLOBAL_ACCENT_COLOR_NAME = AccentColor;
				CODE_SIGN_STYLE = Automatic;
				DEVELOPMENT_TEAM = 7QYL86GXZ7;
				INFOPLIST_FILE = CoinMarket/Info.plist;
				IPHONEOS_DEPLOYMENT_TARGET = 13.0;
				LD_RUNPATH_SEARCH_PATHS = (
					"$(inherited)",
					"@executable_path/Frameworks",
				);
				PRODUCT_BUNDLE_IDENTIFIER = muhammedkilinc.CoinMarket;
				PRODUCT_NAME = "$(TARGET_NAME)";
				SWIFT_VERSION = 5.0;
				TARGETED_DEVICE_FAMILY = "1,2";
			};
			name = Debug;
		};
		A468559925AF7BF50051C26B /* Release */ = {
			isa = XCBuildConfiguration;
			buildSettings = {
				ASSETCATALOG_COMPILER_APPICON_NAME = AppIcon;
				ASSETCATALOG_COMPILER_GLOBAL_ACCENT_COLOR_NAME = AccentColor;
				CODE_SIGN_STYLE = Automatic;
				DEVELOPMENT_TEAM = 7QYL86GXZ7;
				INFOPLIST_FILE = CoinMarket/Info.plist;
				IPHONEOS_DEPLOYMENT_TARGET = 13.0;
				LD_RUNPATH_SEARCH_PATHS = (
					"$(inherited)",
					"@executable_path/Frameworks",
				);
				PRODUCT_BUNDLE_IDENTIFIER = muhammedkilinc.CoinMarket;
				PRODUCT_NAME = "$(TARGET_NAME)";
				SWIFT_VERSION = 5.0;
				TARGETED_DEVICE_FAMILY = "1,2";
			};
			name = Release;
		};
/* End XCBuildConfiguration section */

/* Begin XCConfigurationList section */
		A468557E25AF7BF30051C26B /* Build configuration list for PBXProject "CoinMarket" */ = {
			isa = XCConfigurationList;
			buildConfigurations = (
				A468559525AF7BF50051C26B /* Debug */,
				A468559625AF7BF50051C26B /* Release */,
			);
			defaultConfigurationIsVisible = 0;
			defaultConfigurationName = Release;
		};
		A468559725AF7BF50051C26B /* Build configuration list for PBXNativeTarget "CoinMarket" */ = {
			isa = XCConfigurationList;
			buildConfigurations = (
				A468559825AF7BF50051C26B /* Debug */,
				A468559925AF7BF50051C26B /* Release */,
			);
			defaultConfigurationIsVisible = 0;
			defaultConfigurationName = Release;
		};
/* End XCConfigurationList section */

/* Begin XCRemoteSwiftPackageReference section */
		A430ED3625B430A400E0A145 /* XCRemoteSwiftPackageReference "Swinject" */ = {
			isa = XCRemoteSwiftPackageReference;
			repositoryURL = "https://github.com/Swinject/Swinject";
			requirement = {
				kind = upToNextMajorVersion;
				minimumVersion = 2.7.1;
			};
		};
		A430ED4225B441F000E0A145 /* XCRemoteSwiftPackageReference "SwinjectStoryboard" */ = {
			isa = XCRemoteSwiftPackageReference;
			repositoryURL = "https://github.com/BarredEwe/SwinjectStoryboard.git";
			requirement = {
				branch = swiftPM;
				kind = branch;
			};
		};
		A468559B25AF7D050051C26B /* XCRemoteSwiftPackageReference "Alamofire" */ = {
			isa = XCRemoteSwiftPackageReference;
			repositoryURL = "https://github.com/Alamofire/Alamofire";
			requirement = {
				kind = upToNextMajorVersion;
				minimumVersion = 5.4.1;
			};
		};
		A468559F25AF7D370051C26B /* XCRemoteSwiftPackageReference "RxSwift" */ = {
			isa = XCRemoteSwiftPackageReference;
			repositoryURL = "https://github.com/ReactiveX/RxSwift";
			requirement = {
				kind = upToNextMajorVersion;
				minimumVersion = 6.0.0;
			};
		};
		A4B6542925AF80C9007DDBFD /* XCRemoteSwiftPackageReference "Kingfisher" */ = {
			isa = XCRemoteSwiftPackageReference;
			repositoryURL = "https://github.com/onevcat/Kingfisher";
			requirement = {
				kind = upToNextMajorVersion;
				minimumVersion = 6.0.1;
			};
		};
/* End XCRemoteSwiftPackageReference section */

/* Begin XCSwiftPackageProductDependency section */
		A430ED3725B430A400E0A145 /* Swinject */ = {
			isa = XCSwiftPackageProductDependency;
			package = A430ED3625B430A400E0A145 /* XCRemoteSwiftPackageReference "Swinject" */;
			productName = Swinject;
		};
		A430ED4325B441F000E0A145 /* SwinjectStoryboard */ = {
			isa = XCSwiftPackageProductDependency;
			package = A430ED4225B441F000E0A145 /* XCRemoteSwiftPackageReference "SwinjectStoryboard" */;
			productName = SwinjectStoryboard;
		};
		A468559C25AF7D050051C26B /* Alamofire */ = {
			isa = XCSwiftPackageProductDependency;
			package = A468559B25AF7D050051C26B /* XCRemoteSwiftPackageReference "Alamofire" */;
			productName = Alamofire;
		};
		A46855A025AF7D370051C26B /* RxSwift */ = {
			isa = XCSwiftPackageProductDependency;
			package = A468559F25AF7D370051C26B /* XCRemoteSwiftPackageReference "RxSwift" */;
			productName = RxSwift;
		};
		A46855A225AF7D370051C26B /* RxCocoa */ = {
			isa = XCSwiftPackageProductDependency;
			package = A468559F25AF7D370051C26B /* XCRemoteSwiftPackageReference "RxSwift" */;
			productName = RxCocoa;
		};
		A46855A425AF7D370051C26B /* RxRelay */ = {
			isa = XCSwiftPackageProductDependency;
			package = A468559F25AF7D370051C26B /* XCRemoteSwiftPackageReference "RxSwift" */;
			productName = RxRelay;
		};
		A4B6542A25AF80C9007DDBFD /* Kingfisher */ = {
			isa = XCSwiftPackageProductDependency;
			package = A4B6542925AF80C9007DDBFD /* XCRemoteSwiftPackageReference "Kingfisher" */;
			productName = Kingfisher;
		};
/* End XCSwiftPackageProductDependency section */
	};
	rootObject = A468557B25AF7BF30051C26B /* Project object */;
}
